
Microsoft Visual Studio Solution File, Format Version 12.00
# Visual Studio Version 17
VisualStudioVersion = 17.13.35825.156 d17.13
MinimumVisualStudioVersion = 10.0.40219.1
Project("{FAE04EC0-301F-11D3-BF4B-00C04F79EFBC}") = "ClassificacaoDeTriangulos.ConsoleApp", "ClassificacaoDeTriangulos.ConsoleApp\ClassificacaoDeTriangulos.ConsoleApp.csproj", "{ECAEFE26-C247-4783-A7A8-6575CEC8AD25}"
EndProject
Global
	GlobalSection(SolutionConfigurationPlatforms) = preSolution
		Debug|Any CPU = Debug|Any CPU
		Release|Any CPU = Release|Any CPU
	EndGlobalSection
	GlobalSection(ProjectConfigurationPlatforms) = postSolution
		{ECAEFE26-C247-4783-A7A8-6575CEC8AD25}.Debug|Any CPU.ActiveCfg = Debug|Any CPU
		{ECAEFE26-C247-4783-A7A8-6575CEC8AD25}.Debug|Any CPU.Build.0 = Debug|Any CPU
		{ECAEFE26-C247-4783-A7A8-6575CEC8AD25}.Release|Any CPU.ActiveCfg = Release|Any CPU
		{ECAEFE26-C247-4783-A7A8-6575CEC8AD25}.Release|Any CPU.Build.0 = Release|Any CPU
	EndGlobalSection
	GlobalSection(SolutionProperties) = preSolution
		HideSolutionNode = FALSE
	EndGlobalSection
	GlobalSection(ExtensibilityGlobals) = postSolution
		SolutionGuid = {A31B065F-80FD-4F3F-827D-905B51C14555}
	EndGlobalSection
EndGlobal
